
Microsoft Visual Studio Solution File, Format Version 12.00
# Visual Studio Version 17
VisualStudioVersion = 17.13.35825.156
MinimumVisualStudioVersion = 10.0.40219.1
Project("{FAE04EC0-301F-11D3-BF4B-00C04F79EFBC}") = "ZABGC Media Generator", "ZABGC Media Generator\ZABGC Media Generator.csproj", "{1F3C1E4F-E358-4E22-ACC1-7F2DAA99A2D2}"
EndProject
Global
	GlobalSection(SolutionConfigurationPlatforms) = preSolution
		Debug|Any CPU = Debug|Any CPU
		Release|Any CPU = Release|Any CPU
	EndGlobalSection
	GlobalSection(ProjectConfigurationPlatforms) = postSolution
		{1F3C1E4F-E358-4E22-ACC1-7F2DAA99A2D2}.Debug|Any CPU.ActiveCfg = Debug|Any CPU
		{1F3C1E4F-E358-4E22-ACC1-7F2DAA99A2D2}.Debug|Any CPU.Build.0 = Debug|Any CPU
		{1F3C1E4F-E358-4E22-ACC1-7F2DAA99A2D2}.Release|Any CPU.ActiveCfg = Release|Any CPU
		{1F3C1E4F-E358-4E22-ACC1-7F2DAA99A2D2}.Release|Any CPU.Build.0 = Release|Any CPU
	EndGlobalSection
	GlobalSection(SolutionProperties) = preSolution
		HideSolutionNode = FALSE
	EndGlobalSection
	GlobalSection(ExtensibilityGlobals) = postSolution
		SolutionGuid = {66C3411A-E64E-480C-84C5-0AA0D4FD1FC6}
	EndGlobalSection
EndGlobal
